<?xml version="1.0" encoding="utf-8"?>
<Project ToolsVersion="4.0" xmlns="http://schemas.microsoft.com/developer/msbuild/2003">
  <ItemGroup>
    <Filter Include="Common">
      <UniqueIdentifier>d388b46f-f7ad-4b8e-baf1-9065be8b12a1</UniqueIdentifier>
    </Filter>
    <Filter Include="Assets">
      <UniqueIdentifier>d07ca6f3-cbc4-47a2-89a4-91ebda54c89e</UniqueIdentifier>
      <Extensions>ico;cur;bmp;dds;dlg;fbx;rct;bin;rgs;gif;jpg;jpeg;jpe;resx;tga;tiff;tif;png;wav;mfcribbon-ms</Extensions>
    </Filter>
    <Filter Include="Objects">
      <UniqueIdentifier>{551091ef-62b7-4ff2-856c-aa5936bacc78}</UniqueIdentifier>
    </Filter>
    <Filter Include="Managers">
      <UniqueIdentifier>{e4726564-8b8b-4f5b-91d8-8a8229979017}</UniqueIdentifier>
    </Filter>
    <Filter Include="Interfaces">
      <UniqueIdentifier>{4ca9e825-d94c-4413-991b-b1c6eb51d9d0}</UniqueIdentifier>
    </Filter>
    <Filter Include="Shaders">
      <UniqueIdentifier>{f5bd67c5-c4eb-4dd0-bd7d-29b8e575eb5e}</UniqueIdentifier>
    </Filter>
    <Filter Include="Models">
      <UniqueIdentifier>{f6b28769-331f-4a67-a36b-542b84871011}</UniqueIdentifier>
    </Filter>
    <Filter Include="GameObjects">
      <UniqueIdentifier>{64548eb0-42e3-47bd-aed4-7424b3f1662e}</UniqueIdentifier>
    </Filter>
    <Filter Include="Systems">
      <UniqueIdentifier>{fd55449a-3f6b-4061-be20-19ecccdae268}</UniqueIdentifier>
    </Filter>
  </ItemGroup>
  <ItemGroup>
    <ClInclude Include="Game.h" />
    <ClInclude Include="StepTimer.h">
      <Filter>Common</Filter>
    </ClInclude>
    <ClInclude Include="Log.h">
      <Filter>Common</Filter>
    </ClInclude>
    <ClInclude Include="pch.h">
      <Filter>Common</Filter>
    </ClInclude>
    <ClInclude Include="Direct3D.h">
      <Filter>Common</Filter>
    </ClInclude>
    <ClInclude Include="ReadData.h">
      <Filter>Common</Filter>
    </ClInclude>
    <ClInclude Include="Managers\ResourceManager.h">
      <Filter>Managers</Filter>
    </ClInclude>
    <ClInclude Include="Objects\Mesh.h">
      <Filter>Objects</Filter>
    </ClInclude>
    <ClInclude Include="Objects\MeshRenderer.h">
      <Filter>Objects</Filter>
    </ClInclude>
    <ClInclude Include="Objects\Shader.h">
      <Filter>Objects</Filter>
    </ClInclude>
    <ClInclude Include="Interfaces\IRenderable.h">
      <Filter>Interfaces</Filter>
    </ClInclude>
    <ClInclude Include="Geometry.h">
      <Filter>GameObjects</Filter>
    </ClInclude>
    <ClInclude Include="Camera.h">
      <Filter>Objects</Filter>
    </ClInclude>
    <ClInclude Include="Texture.h">
      <Filter>Objects</Filter>
    </ClInclude>
    <ClInclude Include="RenderQuad.h">
      <Filter>Objects</Filter>
    </ClInclude>
    <ClInclude Include="SceneNode.h">
      <Filter>GameObjects</Filter>
    </ClInclude>
    <ClInclude Include="Skybox.h">
      <Filter>GameObjects</Filter>
    </ClInclude>
    <ClInclude Include="RenderTexture.h">
      <Filter>Objects</Filter>
    </ClInclude>
    <ClInclude Include="DirectionalLight.h">
      <Filter>GameObjects</Filter>
    </ClInclude>
    <ClInclude Include="VoxelTerrain.h">
      <Filter>GameObjects</Filter>
    </ClInclude>
    <ClInclude Include="ParticleSystem.h">
      <Filter>GameObjects</Filter>
    </ClInclude>
    <ClInclude Include="Rocket.h">
      <Filter>GameObjects</Filter>
    </ClInclude>
  </ItemGroup>
  <ItemGroup>
    <ClCompile Include="Game.cpp" />
    <ClCompile Include="Main.cpp" />
    <ClCompile Include="Log.cpp">
      <Filter>Common</Filter>
    </ClCompile>
    <ClCompile Include="pch.cpp">
      <Filter>Common</Filter>
    </ClCompile>
    <ClCompile Include="Direct3D.cpp">
      <Filter>Common</Filter>
    </ClCompile>
    <ClCompile Include="Managers\ResourceManager.cpp">
      <Filter>Managers</Filter>
    </ClCompile>
    <ClCompile Include="Objects\Mesh.cpp">
      <Filter>Objects</Filter>
    </ClCompile>
    <ClCompile Include="Objects\MeshRenderer.cpp">
      <Filter>Objects</Filter>
    </ClCompile>
    <ClCompile Include="Objects\Shader.cpp">
      <Filter>Objects</Filter>
    </ClCompile>
    <ClCompile Include="Geometry.cpp">
      <Filter>GameObjects</Filter>
    </ClCompile>
    <ClCompile Include="Camera.cpp">
      <Filter>Objects</Filter>
    </ClCompile>
    <ClCompile Include="Texture.cpp">
      <Filter>Objects</Filter>
    </ClCompile>
    <ClCompile Include="RenderQuad.cpp">
      <Filter>Objects</Filter>
    </ClCompile>
    <ClCompile Include="SceneNode.cpp">
      <Filter>GameObjects</Filter>
    </ClCompile>
    <ClCompile Include="Skybox.cpp">
      <Filter>GameObjects</Filter>
    </ClCompile>
    <ClCompile Include="RenderTexture.cpp">
      <Filter>Objects</Filter>
    </ClCompile>
    <ClCompile Include="DirectionalLight.cpp">
      <Filter>GameObjects</Filter>
    </ClCompile>
    <ClCompile Include="VoxelTerrain.cpp">
      <Filter>GameObjects</Filter>
    </ClCompile>
    <ClCompile Include="ParticleSystem.cpp">
      <Filter>GameObjects</Filter>
    </ClCompile>
    <ClCompile Include="Rocket.cpp">
      <Filter>GameObjects</Filter>
    </ClCompile>
  </ItemGroup>
  <ItemGroup>
    <ResourceCompile Include="resource.rc" />
  </ItemGroup>
  <ItemGroup>
    <Image Include="directx.ico">
      <Filter>Assets</Filter>
    </Image>
    <Image Include="Textures\hytale.jpg">
      <Filter>Assets</Filter>
    </Image>
    <Image Include="Textures\stones_NM_height.DDS">
      <Filter>Assets</Filter>
    </Image>
    <Image Include="Textures\Wood.dds">
      <Filter>Assets</Filter>
    </Image>
    <Image Include="Textures\env.dds">
      <Filter>Assets</Filter>
    </Image>
    <Image Include="Textures\VoxelTile.png">
      <Filter>Assets</Filter>
    </Image>
    <Image Include="Textures\FireParticle.png">
      <Filter>Assets</Filter>
    </Image>
    <Image Include="Textures\Rocket_D.png">
      <Filter>Assets</Filter>
    </Image>
    <Image Include="Textures\Rocket_N.png">
      <Filter>Assets</Filter>
    </Image>
    <Image Include="Textures\Rocket_S.png">
      <Filter>Assets</Filter>
    </Image>
    <Image Include="Textures\Pole_D.png">
      <Filter>Assets</Filter>
    </Image>
    <Image Include="Textures\Pole_N.png">
      <Filter>Assets</Filter>
    </Image>
    <Image Include="Textures\Pole_S.png">
      <Filter>Assets</Filter>
    </Image>
    <Image Include="Textures\ToonRamp.png">
      <Filter>Assets</Filter>
    </Image>
  </ItemGroup>
  <ItemGroup>
    <Manifest Include="settings.manifest">
      <Filter>Assets</Filter>
    </Manifest>
  </ItemGroup>
  <ItemGroup>
    <None Include="packages.config" />
    <None Include="Models\Axis.sdkmesh">
      <Filter>Models</Filter>
    </None>
    <None Include="Shaders\Skybox.fx">
      <Filter>Shaders</Filter>
    </None>
    <None Include="Models\SpaceShip.sdkmesh">
      <Filter>Models</Filter>
    </None>
    <None Include="Models\Skybox.sdkmesh">
      <Filter>Models</Filter>
    </None>
    <None Include="Models\Plane.sdkmesh">
      <Filter>Models</Filter>
    </None>
    <None Include="Shaders\Shadow.fx">
      <Filter>Shaders</Filter>
    </None>
    <None Include="Models\Voxel.sdkmesh">
      <Filter>Models</Filter>
    </None>
    <None Include="Shaders\VoxelTerrain.fx">
      <Filter>Shaders</Filter>
    </None>
    <None Include="Models\Rocket.sdkmesh">
      <Filter>Models</Filter>
    </None>
    <None Include="Shaders\VoxelTerrainShadow.fx">
      <Filter>Shaders</Filter>
    </None>
    <None Include="Shaders\Deferred.fx">
      <Filter>Shaders</Filter>
    </None>
    <None Include="Shaders\ParticleExplosion.fx">
      <Filter>Shaders</Filter>
    </None>
    <None Include="Shaders\ParticleEngine.fx">
      <Filter>Shaders</Filter>
    </None>
    <None Include="Models\Pole.sdkmesh">
      <Filter>Models</Filter>
    </None>
    <None Include="Shaders\Uber.fx">
      <Filter>Shaders</Filter>
    </None>
  </ItemGroup>
</Project>