<?xml version="1.0" encoding="utf-8"?>
<Project ToolsVersion="4.0" xmlns="http://schemas.microsoft.com/developer/msbuild/2003">
  <ItemGroup>
    <Filter Include="Common">
      <UniqueIdentifier>d388b46f-f7ad-4b8e-baf1-9065be8b12a1</UniqueIdentifier>
    </Filter>
    <Filter Include="Assets">
      <UniqueIdentifier>d07ca6f3-cbc4-47a2-89a4-91ebda54c89e</UniqueIdentifier>
      <Extensions>ico;cur;bmp;dds;dlg;fbx;rct;bin;rgs;gif;jpg;jpeg;jpe;resx;tga;tiff;tif;png;wav;mfcribbon-ms</Extensions>
    </Filter>
    <Filter Include="Objects">
      <UniqueIdentifier>{551091ef-62b7-4ff2-856c-aa5936bacc78}</UniqueIdentifier>
    </Filter>
    <Filter Include="Managers">
      <UniqueIdentifier>{e4726564-8b8b-4f5b-91d8-8a8229979017}</UniqueIdentifier>
    </Filter>
  </ItemGroup>
  <ItemGroup>
    <ClInclude Include="Game.h" />
    <ClInclude Include="StepTimer.h">
      <Filter>Common</Filter>
    </ClInclude>
    <ClInclude Include="Log.h">
      <Filter>Common</Filter>
    </ClInclude>
    <ClInclude Include="pch.h">
      <Filter>Common</Filter>
    </ClInclude>
    <ClInclude Include="Direct3D.h">
      <Filter>Common</Filter>
    </ClInclude>
    <ClInclude Include="Mesh.h">
      <Filter>Objects</Filter>
    </ClInclude>
    <ClInclude Include="ReadData.h">
      <Filter>Common</Filter>
    </ClInclude>
    <ClInclude Include="Shader.h">
      <Filter>Objects</Filter>
    </ClInclude>
    <ClInclude Include="MeshRenderer.h">
      <Filter>Objects</Filter>
    </ClInclude>
    <ClInclude Include="ResourceManager.h">
      <Filter>Managers</Filter>
    </ClInclude>
    <ClInclude Include="Camera.h" />
    <ClInclude Include="Geometry.h" />
  </ItemGroup>
  <ItemGroup>
    <ClCompile Include="Game.cpp" />
    <ClCompile Include="Main.cpp" />
    <ClCompile Include="Log.cpp">
      <Filter>Common</Filter>
    </ClCompile>
    <ClCompile Include="pch.cpp">
      <Filter>Common</Filter>
    </ClCompile>
    <ClCompile Include="Direct3D.cpp">
      <Filter>Common</Filter>
    </ClCompile>
    <ClCompile Include="Mesh.cpp">
      <Filter>Objects</Filter>
    </ClCompile>
    <ClCompile Include="Shader.cpp">
      <Filter>Objects</Filter>
    </ClCompile>
    <ClCompile Include="MeshRenderer.cpp">
      <Filter>Objects</Filter>
    </ClCompile>
    <ClCompile Include="ResourceManager.cpp">
      <Filter>Managers</Filter>
    </ClCompile>
    <ClCompile Include="Camera.cpp" />
    <ClCompile Include="Geometry.cpp" />
  </ItemGroup>
  <ItemGroup>
    <ResourceCompile Include="resource.rc" />
  </ItemGroup>
  <ItemGroup>
    <Image Include="directx.ico">
      <Filter>Assets</Filter>
    </Image>
  </ItemGroup>
  <ItemGroup>
    <Manifest Include="settings.manifest">
      <Filter>Assets</Filter>
    </Manifest>
  </ItemGroup>
  <ItemGroup>
    <None Include="packages.config" />
    <None Include="Models\Sphere.cmo" />
    <None Include="Shaders\SimpleShader2.fx" />
    <None Include="Models\Axis.cmo" />
    <None Include="Models\Axis.sdkmesh" />
    <None Include="Models\Plane.cmo" />
  </ItemGroup>
</Project>